
Microsoft Visual Studio Solution File, Format Version 12.00
# Visual Studio Version 17
VisualStudioVersion = 17.0.31903.59
MinimumVisualStudioVersion = 10.0.40219.1
Project("{2150E333-8FDC-42A3-9474-1A3956D46DE8}") = "src", "src", "{1000C269-76C7-4328-B1F3-6983527E0607}"
EndProject
Project("{FAE04EC0-301F-11D3-BF4B-00C04F79EFBC}") = "OpenWu.Core", "src\OpenWu.Core\OpenWu.Core.csproj", "{15499E65-F37B-4F09-8B46-9CBA77D264C6}"
EndProject
Project("{FAE04EC0-301F-11D3-BF4B-00C04F79EFBC}") = "OpenWu.App", "src\OpenWu.App\OpenWu.App.csproj", "{E37C167A-6645-44AE-B0BB-4F21F58728F9}"
EndProject
Project("{2150E333-8FDC-42A3-9474-1A3956D46DE8}") = "tests", "tests", "{6E2BB879-93E9-4F82-943F-175F96B67E7C}"
EndProject
Project("{FAE04EC0-301F-11D3-BF4B-00C04F79EFBC}") = "OpenWu.Core.Tests", "tests\OpenWu.Core.Tests\OpenWu.Core.Tests.csproj", "{31569EF4-2352-432D-8179-C8CBF16217DC}"
EndProject
Project("{FAE04EC0-301F-11D3-BF4B-00C04F79EFBC}") = "OpenWu.Cli", "src\OpenWu.Cli\OpenWu.Cli.csproj", "{89129544-086C-41DB-B5C6-A0B953E23A23}"
EndProject
Global
	GlobalSection(SolutionConfigurationPlatforms) = preSolution
		Debug|Any CPU = Debug|Any CPU
		Release|Any CPU = Release|Any CPU
	EndGlobalSection
	GlobalSection(SolutionProperties) = preSolution
		HideSolutionNode = FALSE
	EndGlobalSection
	GlobalSection(ProjectConfigurationPlatforms) = postSolution
		{15499E65-F37B-4F09-8B46-9CBA77D264C6}.Debug|Any CPU.ActiveCfg = Debug|Any CPU
		{15499E65-F37B-4F09-8B46-9CBA77D264C6}.Debug|Any CPU.Build.0 = Debug|Any CPU
		{15499E65-F37B-4F09-8B46-9CBA77D264C6}.Release|Any CPU.ActiveCfg = Release|Any CPU
		{15499E65-F37B-4F09-8B46-9CBA77D264C6}.Release|Any CPU.Build.0 = Release|Any CPU
		{E37C167A-6645-44AE-B0BB-4F21F58728F9}.Debug|Any CPU.ActiveCfg = Debug|Any CPU
		{E37C167A-6645-44AE-B0BB-4F21F58728F9}.Debug|Any CPU.Build.0 = Debug|Any CPU
		{E37C167A-6645-44AE-B0BB-4F21F58728F9}.Release|Any CPU.ActiveCfg = Release|Any CPU
		{E37C167A-6645-44AE-B0BB-4F21F58728F9}.Release|Any CPU.Build.0 = Release|Any CPU
		{31569EF4-2352-432D-8179-C8CBF16217DC}.Debug|Any CPU.ActiveCfg = Debug|Any CPU
		{31569EF4-2352-432D-8179-C8CBF16217DC}.Debug|Any CPU.Build.0 = Debug|Any CPU
		{31569EF4-2352-432D-8179-C8CBF16217DC}.Release|Any CPU.ActiveCfg = Release|Any CPU
		{31569EF4-2352-432D-8179-C8CBF16217DC}.Release|Any CPU.Build.0 = Release|Any CPU
		{89129544-086C-41DB-B5C6-A0B953E23A23}.Debug|Any CPU.ActiveCfg = Debug|Any CPU
		{89129544-086C-41DB-B5C6-A0B953E23A23}.Debug|Any CPU.Build.0 = Debug|Any CPU
		{89129544-086C-41DB-B5C6-A0B953E23A23}.Release|Any CPU.ActiveCfg = Release|Any CPU
		{89129544-086C-41DB-B5C6-A0B953E23A23}.Release|Any CPU.Build.0 = Release|Any CPU
	EndGlobalSection
	GlobalSection(NestedProjects) = preSolution
		{15499E65-F37B-4F09-8B46-9CBA77D264C6} = {1000C269-76C7-4328-B1F3-6983527E0607}
		{E37C167A-6645-44AE-B0BB-4F21F58728F9} = {1000C269-76C7-4328-B1F3-6983527E0607}
		{31569EF4-2352-432D-8179-C8CBF16217DC} = {6E2BB879-93E9-4F82-943F-175F96B67E7C}
		{89129544-086C-41DB-B5C6-A0B953E23A23} = {1000C269-76C7-4328-B1F3-6983527E0607}
	EndGlobalSection
EndGlobal
